
Microsoft Visual Studio Solution File, Format Version 12.00
# Visual Studio Version 17
VisualStudioVersion = 17.8.34408.163
MinimumVisualStudioVersion = 10.0.40219.1
Project("{FAE04EC0-301F-11D3-BF4B-00C04F79EFBC}") = "ExamenNuxiba", "ExamenNuxiba.csproj", "{1C4E2313-4869-4D4D-90DB-29623ADEE4DC}"
EndProject
Global
	GlobalSection(SolutionConfigurationPlatforms) = preSolution
		Debug|Any CPU = Debug|Any CPU
		Release|Any CPU = Release|Any CPU
	EndGlobalSection
	GlobalSection(ProjectConfigurationPlatforms) = postSolution
		{1C4E2313-4869-4D4D-90DB-29623ADEE4DC}.Debug|Any CPU.ActiveCfg = Debug|Any CPU
		{1C4E2313-4869-4D4D-90DB-29623ADEE4DC}.Debug|Any CPU.Build.0 = Debug|Any CPU
		{1C4E2313-4869-4D4D-90DB-29623ADEE4DC}.Release|Any CPU.ActiveCfg = Release|Any CPU
		{1C4E2313-4869-4D4D-90DB-29623ADEE4DC}.Release|Any CPU.Build.0 = Release|Any CPU
	EndGlobalSection
	GlobalSection(SolutionProperties) = preSolution
		HideSolutionNode = FALSE
	EndGlobalSection
	GlobalSection(ExtensibilityGlobals) = postSolution
		SolutionGuid = {0230D23E-9787-4B52-B275-590819EDE4D0}
	EndGlobalSection
EndGlobal
